# This file is generated by running "yarn install" inside your project.
# Manual changes might be lost - proceed with caution!

__metadata:
  version: 5
  cacheKey: 8

"@codemirror/rangeset@npm:^0.19.5":
  version: 0.19.6
  resolution: "@codemirror/rangeset@npm:0.19.6"
  dependencies:
    "@codemirror/state": ^0.19.0
  checksum: f7b9ff54ac514a5c67dea1689c7f227906b46643007da76e93045ea163bd863c823a35ded4d33ba8ab1d085cb562c67134b2bf9165ffc14a9f44fbf3d85afa43
  languageName: node
  linkType: hard

"@codemirror/state@npm:^0.19.0, @codemirror/state@npm:^0.19.3, @codemirror/state@npm:^0.19.6":
  version: 0.19.6
  resolution: "@codemirror/state@npm:0.19.6"
  dependencies:
    "@codemirror/text": ^0.19.0
  checksum: 65bee46d76c0b55b10ed4818cbb77267a6c75dff3c8cc04e83056a79a1d36e79d7b8bf750d4695238ac28fe792d6329939fd725839f8314eee34146941cae344
  languageName: node
  linkType: hard

"@codemirror/text@npm:^0.19.0":
  version: 0.19.6
  resolution: "@codemirror/text@npm:0.19.6"
  checksum: 685e46c1f0114a216081b7a070460e1b0db9c51b0a2b361e9ed90e5ea2ed89d86a7a834b76f7c63b27fd192809d9414e7a15e0d186bd15cdb5d4f85639d434f0
  languageName: node
  linkType: hard

"@codemirror/view@npm:^0.19.31":
  version: 0.19.39
  resolution: "@codemirror/view@npm:0.19.39"
  dependencies:
    "@codemirror/rangeset": ^0.19.5
    "@codemirror/state": ^0.19.3
    "@codemirror/text": ^0.19.0
    style-mod: ^4.0.0
    w3c-keyname: ^2.2.4
  checksum: 213d78ea3360992bfed9d6c8ea640da02804749f80fa0259a35ebb362f3f5495e37107a62591e2e6c0de5542e2882653b9e2a25f3b618eddd08b8f1af1d8f7dc
  languageName: node
  linkType: hard

"@nanostores/preact@npm:^0.1.3":
  version: 0.1.3
  resolution: "@nanostores/preact@npm:0.1.3"
  peerDependencies:
    nanostores: ^0.5.2
    preact: ">=10.0.0"
  checksum: ae5ba0ecdbeb6edc316e10cd41bdd0e21c19aa8421191237e647cccc89cf5ed050e483d3c7dda3345d3778ffb07075260b4dc868e448b1634e34f67974d065e8
  languageName: node
  linkType: hard

"@types/codemirror@npm:0.0.108":
  version: 0.0.108
  resolution: "@types/codemirror@npm:0.0.108"
  dependencies:
    "@types/tern": "*"
  checksum: 0951282991d004df056451ba04a2ee01ec409be0336c985bd825a5483bf9582f5daaf9ccc89aecbedfda64b9c93cf42e36feb52002f348542cda4bafaf3d28cf
  languageName: node
  linkType: hard

"@types/estree@npm:*":
  version: 0.0.50
  resolution: "@types/estree@npm:0.0.50"
  checksum: 9a2b6a4a8c117f34d08fbda5e8f69b1dfb109f7d149b60b00fd7a9fb6ac545c078bc590aa4ec2f0a256d680cf72c88b3b28b60c326ee38a7bc8ee1ee95624922
  languageName: node
  linkType: hard

"@types/node@npm:^17.0.8":
  version: 17.0.8
  resolution: "@types/node@npm:17.0.8"
  checksum: f4cadeb9e602027520abc88c77142697e33cf6ac98bb02f8b595a398603cbd33df1f94d01c055c9f13cde0c8eaafc5e396ca72645458d42b4318b845bc7f1d0f
  languageName: node
  linkType: hard

"@types/tern@npm:*":
  version: 0.23.4
  resolution: "@types/tern@npm:0.23.4"
  dependencies:
    "@types/estree": "*"
  checksum: d8fd304f147ed08f1d075f09cb8d440b7f785f69c9ec5c30eadf98132fe3f58f3b1bbbd11283858bb261afac5a2039c1c255f290b0f6e4a47cd6a746f30a6aa8
  languageName: node
  linkType: hard

"esbuild-android-arm64@npm:0.13.15":
  version: 0.13.15
  resolution: "esbuild-android-arm64@npm:0.13.15"
  conditions: os=android & cpu=arm64
  languageName: node
  linkType: hard

"esbuild-darwin-64@npm:0.13.15":
  version: 0.13.15
  resolution: "esbuild-darwin-64@npm:0.13.15"
  conditions: os=darwin & cpu=x64
  languageName: node
  linkType: hard

"esbuild-darwin-arm64@npm:0.13.15":
  version: 0.13.15
  resolution: "esbuild-darwin-arm64@npm:0.13.15"
  conditions: os=darwin & cpu=arm64
  languageName: node
  linkType: hard

"esbuild-freebsd-64@npm:0.13.15":
  version: 0.13.15
  resolution: "esbuild-freebsd-64@npm:0.13.15"
  conditions: os=freebsd & cpu=x64
  languageName: node
  linkType: hard

"esbuild-freebsd-arm64@npm:0.13.15":
  version: 0.13.15
  resolution: "esbuild-freebsd-arm64@npm:0.13.15"
  conditions: os=freebsd & cpu=arm64
  languageName: node
  linkType: hard

"esbuild-linux-32@npm:0.13.15":
  version: 0.13.15
  resolution: "esbuild-linux-32@npm:0.13.15"
  conditions: os=linux & cpu=ia32
  languageName: node
  linkType: hard

"esbuild-linux-64@npm:0.13.15":
  version: 0.13.15
  resolution: "esbuild-linux-64@npm:0.13.15"
  conditions: os=linux & cpu=x64
  languageName: node
  linkType: hard

"esbuild-linux-arm64@npm:0.13.15":
  version: 0.13.15
  resolution: "esbuild-linux-arm64@npm:0.13.15"
  conditions: os=linux & cpu=arm64
  languageName: node
  linkType: hard

"esbuild-linux-arm@npm:0.13.15":
  version: 0.13.15
  resolution: "esbuild-linux-arm@npm:0.13.15"
  conditions: os=linux & cpu=arm
  languageName: node
  linkType: hard

"esbuild-linux-mips64le@npm:0.13.15":
  version: 0.13.15
  resolution: "esbuild-linux-mips64le@npm:0.13.15"
  conditions: os=linux & cpu=mips64el
  languageName: node
  linkType: hard

"esbuild-linux-ppc64le@npm:0.13.15":
  version: 0.13.15
  resolution: "esbuild-linux-ppc64le@npm:0.13.15"
  conditions: os=linux & cpu=ppc64
  languageName: node
  linkType: hard

"esbuild-netbsd-64@npm:0.13.15":
  version: 0.13.15
  resolution: "esbuild-netbsd-64@npm:0.13.15"
  conditions: os=netbsd & cpu=x64
  languageName: node
  linkType: hard

"esbuild-openbsd-64@npm:0.13.15":
  version: 0.13.15
  resolution: "esbuild-openbsd-64@npm:0.13.15"
  conditions: os=openbsd & cpu=x64
  languageName: node
  linkType: hard

"esbuild-sunos-64@npm:0.13.15":
  version: 0.13.15
  resolution: "esbuild-sunos-64@npm:0.13.15"
  conditions: os=sunos & cpu=x64
  languageName: node
  linkType: hard

"esbuild-windows-32@npm:0.13.15":
  version: 0.13.15
  resolution: "esbuild-windows-32@npm:0.13.15"
  conditions: os=win32 & cpu=ia32
  languageName: node
  linkType: hard

"esbuild-windows-64@npm:0.13.15":
  version: 0.13.15
  resolution: "esbuild-windows-64@npm:0.13.15"
  conditions: os=win32 & cpu=x64
  languageName: node
  linkType: hard

"esbuild-windows-arm64@npm:0.13.15":
  version: 0.13.15
  resolution: "esbuild-windows-arm64@npm:0.13.15"
  conditions: os=win32 & cpu=arm64
  languageName: node
  linkType: hard

"esbuild@npm:0.13.15":
  version: 0.13.15
  resolution: "esbuild@npm:0.13.15"
  dependencies:
    esbuild-android-arm64: 0.13.15
    esbuild-darwin-64: 0.13.15
    esbuild-darwin-arm64: 0.13.15
    esbuild-freebsd-64: 0.13.15
    esbuild-freebsd-arm64: 0.13.15
    esbuild-linux-32: 0.13.15
    esbuild-linux-64: 0.13.15
    esbuild-linux-arm: 0.13.15
    esbuild-linux-arm64: 0.13.15
    esbuild-linux-mips64le: 0.13.15
    esbuild-linux-ppc64le: 0.13.15
    esbuild-netbsd-64: 0.13.15
    esbuild-openbsd-64: 0.13.15
    esbuild-sunos-64: 0.13.15
    esbuild-windows-32: 0.13.15
    esbuild-windows-64: 0.13.15
    esbuild-windows-arm64: 0.13.15
  dependenciesMeta:
    esbuild-android-arm64:
      optional: true
    esbuild-darwin-64:
      optional: true
    esbuild-darwin-arm64:
      optional: true
    esbuild-freebsd-64:
      optional: true
    esbuild-freebsd-arm64:
      optional: true
    esbuild-linux-32:
      optional: true
    esbuild-linux-64:
      optional: true
    esbuild-linux-arm:
      optional: true
    esbuild-linux-arm64:
      optional: true
    esbuild-linux-mips64le:
      optional: true
    esbuild-linux-ppc64le:
      optional: true
    esbuild-netbsd-64:
      optional: true
    esbuild-openbsd-64:
      optional: true
    esbuild-sunos-64:
      optional: true
    esbuild-windows-32:
      optional: true
    esbuild-windows-64:
      optional: true
    esbuild-windows-arm64:
      optional: true
  bin:
    esbuild: bin/esbuild
  checksum: d5fac8f28a6328592e45f9d49a7e98420cf2c2a3ff5a753bbf011ab79bcb5c062209ef862d3ae0875d8f2a50d40c112b0224e8b419a7cbffc6e2b02cee11ef7e
  languageName: node
  linkType: hard

"js-base64@npm:^3.7.2":
  version: 3.7.2
  resolution: "js-base64@npm:3.7.2"
  checksum: 573f28e9a27c3df60096d4d3f551bcb4fcb6d49161cf83396e9bad9b76f94736a70bb70b8808fe834dff2a388f76604ba09d6e153bbf181646e407720139fa5b
  languageName: node
  linkType: hard

"loglevel@npm:^1.8.0":
  version: 1.8.0
  resolution: "loglevel@npm:1.8.0"
  checksum: 41aeea17de24aba8dba68084a31fe9189648bce4f39c1277e021bb276c3c53a75b0d337395919cf271068ad40ecefabad0e4fdeb4a8f11908beee532b898f4a7
  languageName: node
  linkType: hard

"moment@npm:2.29.1":
  version: 2.29.1
  resolution: "moment@npm:2.29.1"
  checksum: 1e14d5f422a2687996be11dd2d50c8de3bd577c4a4ca79ba5d02c397242a933e5b941655de6c8cb90ac18f01cc4127e55b4a12ae3c527a6c0a274e455979345e
  languageName: node
  linkType: hard

"nanostores@npm:^0.5.8":
  version: 0.5.8
  resolution: "nanostores@npm:0.5.8"
  checksum: 946aacd42577caead112c9eb5312500473e90f42b6394ee80b8d70d1c72d82cfdb90425e5a42a0ded8152a5b9e64843cbfdedecba4e68cf421813e8d32359cc5
  languageName: node
  linkType: hard

"obsidian-plugin-jira@workspace:.":
  version: 0.0.0-use.local
  resolution: "obsidian-plugin-jira@workspace:."
  dependencies:
    "@nanostores/preact": ^0.1.3
    "@types/node": ^17.0.8
    esbuild: 0.13.15
    js-base64: ^3.7.2
    loglevel: ^1.8.0
    nanostores: ^0.5.8
    obsidian: ^0.13.11
    preact: ^10.6.4
  peerDependencies:
    obsidian: ^0.13.11
  languageName: unknown
  linkType: soft

"obsidian@npm:^0.13.11":
  version: 0.13.11
  resolution: "obsidian@npm:0.13.11"
  dependencies:
    "@codemirror/state": ^0.19.6
    "@codemirror/view": ^0.19.31
    "@types/codemirror": 0.0.108
    moment: 2.29.1
  checksum: 46efff0fc7568c4a21bc94cd3065f544ccb563169381deee0029c0c06a99ba7e97e828a7c2777c6f46edf2e7b404c6843da78fa97bfd37f771e4d5689a955cd7
  languageName: node
  linkType: hard

"preact@npm:^10.6.4":
  version: 10.6.4
  resolution: "preact@npm:10.6.4"
  checksum: 09c496bb3cbe231fb6ef218b44d29af53a1f4bf1ae2e5929ef0faf70f9ecffaa475b4459ef72dd8f0f5396c255172c7c26de5c7d2eb6f6849e36e724c7aa86b7
  languageName: node
  linkType: hard

"style-mod@npm:^4.0.0":
  version: 4.0.0
  resolution: "style-mod@npm:4.0.0"
  checksum: c19f73d660a94244f0715180a6141bf75d05e5b156cc956ba11970b83cd303c3f7edafe5fb61a3192da6186cc008bdcdd803a979070f9b64e13046463644043c
  languageName: node
  linkType: hard

"w3c-keyname@npm:^2.2.4":
  version: 2.2.4
  resolution: "w3c-keyname@npm:2.2.4"
  checksum: 890180452bdd7d25f05deb97b3c0839911264432a7c5dd8dc4c9d9b6384237a66d66b7c2a145440b607826d5aa61cd90098cfffcf50b50c0e4c2259b0d208038
  languageName: node
  linkType: hard
